
Microsoft Visual Studio Solution File, Format Version 12.00
# Visual Studio Version 17
VisualStudioVersion = 17.0.31903.59
MinimumVisualStudioVersion = 10.0.40219.1
Project("{FAE04EC0-301F-11D3-BF4B-00C04F79EFBC}") = "FootStats.Web", "FootStats.Web\FootStats.Web.csproj", "{8AAEE7CD-6F66-480D-A2C9-B08E55F1CADE}"
EndProject
Global
	GlobalSection(SolutionConfigurationPlatforms) = preSolution
		Debug|Any CPU = Debug|Any CPU
		Release|Any CPU = Release|Any CPU
	EndGlobalSection
	GlobalSection(SolutionProperties) = preSolution
		HideSolutionNode = FALSE
	EndGlobalSection
	GlobalSection(ProjectConfigurationPlatforms) = postSolution
		{8AAEE7CD-6F66-480D-A2C9-B08E55F1CADE}.Debug|Any CPU.ActiveCfg = Debug|Any CPU
		{8AAEE7CD-6F66-480D-A2C9-B08E55F1CADE}.Debug|Any CPU.Build.0 = Debug|Any CPU
		{8AAEE7CD-6F66-480D-A2C9-B08E55F1CADE}.Release|Any CPU.ActiveCfg = Release|Any CPU
		{8AAEE7CD-6F66-480D-A2C9-B08E55F1CADE}.Release|Any CPU.Build.0 = Release|Any CPU
	EndGlobalSection
EndGlobal
